
Microsoft Visual Studio Solution File, Format Version 12.00
# Visual Studio Version 17
VisualStudioVersion = 17.3.32929.385
MinimumVisualStudioVersion = 10.0.40219.1
Project("{FAE04EC0-301F-11D3-BF4B-00C04F79EFBC}") = "CoruseThree", "CoruseThree\CoruseThree.csproj", "{0A22FA41-2DB7-4C04-9F8C-29F244E5C1DB}"
EndProject
Global
	GlobalSection(SolutionConfigurationPlatforms) = preSolution
		Debug|Any CPU = Debug|Any CPU
		Release|Any CPU = Release|Any CPU
	EndGlobalSection
	GlobalSection(ProjectConfigurationPlatforms) = postSolution
		{0A22FA41-2DB7-4C04-9F8C-29F244E5C1DB}.Debug|Any CPU.ActiveCfg = Debug|Any CPU
		{0A22FA41-2DB7-4C04-9F8C-29F244E5C1DB}.Debug|Any CPU.Build.0 = Debug|Any CPU
		{0A22FA41-2DB7-4C04-9F8C-29F244E5C1DB}.Release|Any CPU.ActiveCfg = Release|Any CPU
		{0A22FA41-2DB7-4C04-9F8C-29F244E5C1DB}.Release|Any CPU.Build.0 = Release|Any CPU
	EndGlobalSection
	GlobalSection(SolutionProperties) = preSolution
		HideSolutionNode = FALSE
	EndGlobalSection
	GlobalSection(ExtensibilityGlobals) = postSolution
		SolutionGuid = {F8D16AC7-EB23-4676-8CBC-35AD85F8472E}
	EndGlobalSection
EndGlobal
